github.com/KodaiD/rwuMutex v0.0.0-20201111005244-60728a5ef222 h1:mB84o73wLtbzb1ExLEFOxkM9T/X4OXNP/sTvdFMqo3Y=
github.com/KodaiD/rwuMutex v0.0.0-20201111005244-60728a5ef222/go.mod h1:IRzcQJE4zRf1+5zPBZ8Ty0XnaDDuwrcJxb6om6XbNOc=
github.com/KodaiD/rwumutex v0.0.0-20201111013359-091b36675b42 h1:JPNFAdw2J1s63tYzwOC5F3x54RWyRttmp5i2dwhbqzU=
github.com/KodaiD/rwumutex v0.0.0-20201111013359-091b36675b42/go.mod h1:r4CDXkN+kVnnrMxcOdAQZS5YUiOtDZ/rCvR2NrDAMes=
github.com/KodaiD/rwumutex v0.0.0-20201111035904-b39fd4bcf395 h1:Ea2sg7ocnislppHkqfwLklsM9DvTj6aDaw7T4guMnwE=
github.com/KodaiD/rwumutex v0.0.0-20201111035904-b39fd4bcf395/go.mod h1:r4CDXkN+kVnnrMxcOdAQZS5YUiOtDZ/rCvR2NrDAMes=
github.com/KodaiD/rwumutex v0.0.0-20201111084608-acb0ccbed943 h1:54q3pY/LScybEMR3f+ErX7Hl/VChoiNxSaGWYG42YT4=
github.com/KodaiD/rwumutex v0.0.0-20201111084608-acb0ccbed943/go.mod h1:r4CDXkN+kVnnrMxcOdAQZS5YUiOtDZ/rCvR2NrDAMes=
